# THIS IS AN AUTOGENERATED FILE. DO NOT EDIT THIS FILE DIRECTLY.
# yarn lockfile v1


animate.css@^3.7.2:
  version "3.7.2"
  resolved "https://registry.yarnpkg.com/animate.css/-/animate.css-3.7.2.tgz#e73e0d50e92cb1cfef1597d9b38a9481020e08ea"
  integrity sha512-0bE8zYo7C0KvgOYrSVfrzkbYk6IOTVPNqkiHg2cbyF4Pq/PXzilz4BRWA3hwEUBoMp5VBgrC29lQIZyhRWdBTw==

bootstrap@^4.4.1:
  version "4.4.1"
  resolved "https://registry.yarnpkg.com/bootstrap/-/bootstrap-4.4.1.tgz#8582960eea0c5cd2bede84d8b0baf3789c3e8b01"
  integrity sha512-tbx5cHubwE6e2ZG7nqM3g/FZ5PQEDMWmMGNrCUBVRPHXTJaH7CBDdsLeu3eCh3B1tzAxTnAbtmrzvWEvT2NNEA==

counterup@^1.0.2:
  version "1.0.2"
  resolved "https://registry.yarnpkg.com/counterup/-/counterup-1.0.2.tgz#07dbe1e5d318c1702dbff8abe25e9a4b8269dc78"
  integrity sha1-B9vh5dMYwXAtv/ir4l6aS4Jp3Hg=
  dependencies:
    jquery ">=1.5"
    waypoints ">=2.0"

font-awesome@^4.7.0:
  version "4.7.0"
  resolved "https://registry.yarnpkg.com/font-awesome/-/font-awesome-4.7.0.tgz#8fa8cf0411a1a31afd07b06d2902bb9fc815a133"
  integrity sha1-j6jPBBGhoxr9B7BtKQK7n8gVoTM=

jquery@>=1.5:
  version "3.4.1"
  resolved "https://registry.yarnpkg.com/jquery/-/jquery-3.4.1.tgz#714f1f8d9dde4bdfa55764ba37ef214630d80ef2"
  integrity sha512-36+AdBzCL+y6qjw5Tx7HgzeGCzC81MDDgaUP8ld2zhx58HdqXGoBd+tHdrBMiyjGQs0Hxs/MLZTu/eHNJJuWPw==

magnific-popup@^1.1.0:
  version "1.1.0"
  resolved "https://registry.yarnpkg.com/magnific-popup/-/magnific-popup-1.1.0.tgz#3e7362c5bd18f6785fe99e59d013e20af33d3049"
  integrity sha1-PnNixb0Y9nhf6Z5Z0BPiCvM9MEk=

mixitup@^3.3.1:
  version "3.3.1"
  resolved "https://registry.yarnpkg.com/mixitup/-/mixitup-3.3.1.tgz#6ca9b6fc3a202d237b8f3ce9c02f48ac976881f6"
  integrity sha512-5WlMzRNSAU5R1N/NlmOvmYxcZVgib3do5I0H+LO6e0ArI7GlNLMPoAANK7XOemuwJFZcJHIGvWDIPMK1jnWEqA==

popper.js@^1.16.1:
  version "1.16.1"
  resolved "https://registry.yarnpkg.com/popper.js/-/popper.js-1.16.1.tgz#2a223cb3dc7b6213d740e40372be40de43e65b1b"
  integrity sha512-Wb4p1J4zyFTbM+u6WuO4XstYx4Ky9Cewe4DWrel7B0w6VVICvPwdOpotjzcf6eD8TsckVnIMNONQyPIUFOUbCQ==

slick-slider@^1.8.2:
  version "1.8.2"
  resolved "https://registry.yarnpkg.com/slick-slider/-/slick-slider-1.8.2.tgz#cdb0ccd97c3bcd9807c22474968b1673077e35e0"
  integrity sha512-/NGT7QzlC1/LNu198ad+rM8xJcgSXgiptUPbY0oMmtZ/8K2G9s6mMpLo7um6FIIQ135vUjsnP2gWY5DKJe2qJw==

uikit@^3.4.2:
  version "3.4.2"
  resolved "https://registry.yarnpkg.com/uikit/-/uikit-3.4.2.tgz#2e3d05d2e206e63c9b42a347927674117678acee"
  integrity sha512-z5NH1s8sTMHjVQ+Exr2IKgPn/bG9f5PSK4HcTZaBlw3mF6f5UgefWIA3xKVsOtOeJSOQ2T8lk++59syRF5NwOw==

waypoints@>=2.0, waypoints@^4.0.1:
  version "4.0.1"
  resolved "https://registry.yarnpkg.com/waypoints/-/waypoints-4.0.1.tgz#09979a0573810b29627cba4366a284a062ec69c8"
  integrity sha1-CZeaBXOBCylifLpDZqKEoGLsacg=

wow.js@^1.2.2:
  version "1.2.2"
  resolved "https://registry.yarnpkg.com/wow.js/-/wow.js-1.2.2.tgz#247519b0a342319b1a63e22aea9acec1a9ea57f5"
  integrity sha1-JHUZsKNCMZsaY+Iq6prOwanqV/U=
